
Microsoft Visual Studio Solution File, Format Version 12.00
Project("{FAE04EC0-301F-11D3-BF4B-00C04F79EFBC}") = "ShowDisassemblyInfo", "ShowDisassemblyInfo\ShowDisassemblyInfo.csproj", "{E2F7DC37-ACE1-4251-9CE0-396061289F6E}"
EndProject
Global
	GlobalSection(SolutionConfigurationPlatforms) = preSolution
		Debug|Any CPU = Debug|Any CPU
		Release|Any CPU = Release|Any CPU
	EndGlobalSection
	GlobalSection(ProjectConfigurationPlatforms) = postSolution
		{E2F7DC37-ACE1-4251-9CE0-396061289F6E}.Debug|Any CPU.ActiveCfg = Debug|Any CPU
		{E2F7DC37-ACE1-4251-9CE0-396061289F6E}.Debug|Any CPU.Build.0 = Debug|Any CPU
		{E2F7DC37-ACE1-4251-9CE0-396061289F6E}.Release|Any CPU.ActiveCfg = Release|Any CPU
		{E2F7DC37-ACE1-4251-9CE0-396061289F6E}.Release|Any CPU.Build.0 = Release|Any CPU
	EndGlobalSection
EndGlobal
